{
  "name": "@kmamal/structs",
  "version": "0.0.0",
  "lockfileVersion": 2,
  "requires": true,
  "packages": {
    "": {
      "name": "@kmamal/structs",
      "version": "0.0.0",
      "license": "MIT",
      "devDependencies": {
        "@kmamal/testing": "^0.0.20",
        "@kmamal/util": "^0.0.92"
      }
    },
    "node_modules/@kmamal/testing": {
      "version": "0.0.20",
      "resolved": "https://registry.npmjs.org/@kmamal/testing/-/testing-0.0.20.tgz",
      "integrity": "sha512-YhkupGEtxHhYawKp3ep7kWnk75UiIXgFREzWCSAZqoNGmTosbKX3ktDcyvcMHvWpHEPKsnEfDN1ymGkQTIUCWw==",
      "dev": true,
      "dependencies": {
        "@kmamal/util": "^0.0.43"
      }
    },
    "node_modules/@kmamal/testing/node_modules/@kmamal/util": {
      "version": "0.0.43",
      "resolved": "https://registry.npmjs.org/@kmamal/util/-/util-0.0.43.tgz",
      "integrity": "sha512-3p1B8LyVo7NDZrVQqFdrvuAP/wEm+zc0IdRaV3+otE+ehwqZWXBkQs5QrQxjz5aXZb52gq9PfNCs/7daLU5GLA==",
      "dev": true
    },
    "node_modules/@kmamal/util": {
      "version": "0.0.92",
      "resolved": "https://registry.npmjs.org/@kmamal/util/-/util-0.0.92.tgz",
      "integrity": "sha512-TGBHvDu1ZQmh2vFz9ZEqhf39CvAoFW9so60cIfNYq34prCVKXl5FkHdmK3rBpHDqHHb5o9KOa6DYvdoW1Yg25g==",
      "dev": true,
      "dependencies": {
        "@kmamal/testing": "^0.0.18"
      }
    },
    "node_modules/@kmamal/util/node_modules/@kmamal/testing": {
      "version": "0.0.18",
      "resolved": "https://registry.npmjs.org/@kmamal/testing/-/testing-0.0.18.tgz",
      "integrity": "sha512-LdyWPeL1WCDiyUJZZfisUsLALx/WN/XxW5tM1dpxmkW+n75djBY28oDwI2q41KpAH2NYdIcLYUmU0T6ePiu1zA==",
      "dev": true,
      "dependencies": {
        "@kmamal/util": "^0.0.43"
      }
    },
    "node_modules/@kmamal/util/node_modules/@kmamal/util": {
      "version": "0.0.43",
      "resolved": "https://registry.npmjs.org/@kmamal/util/-/util-0.0.43.tgz",
      "integrity": "sha512-3p1B8LyVo7NDZrVQqFdrvuAP/wEm+zc0IdRaV3+otE+ehwqZWXBkQs5QrQxjz5aXZb52gq9PfNCs/7daLU5GLA==",
      "dev": true
    }
  },
  "dependencies": {
    "@kmamal/testing": {
      "version": "0.0.20",
      "resolved": "https://registry.npmjs.org/@kmamal/testing/-/testing-0.0.20.tgz",
      "integrity": "sha512-YhkupGEtxHhYawKp3ep7kWnk75UiIXgFREzWCSAZqoNGmTosbKX3ktDcyvcMHvWpHEPKsnEfDN1ymGkQTIUCWw==",
      "dev": true,
      "requires": {
        "@kmamal/util": "^0.0.43"
      },
      "dependencies": {
        "@kmamal/util": {
          "version": "0.0.43",
          "resolved": "https://registry.npmjs.org/@kmamal/util/-/util-0.0.43.tgz",
          "integrity": "sha512-3p1B8LyVo7NDZrVQqFdrvuAP/wEm+zc0IdRaV3+otE+ehwqZWXBkQs5QrQxjz5aXZb52gq9PfNCs/7daLU5GLA==",
          "dev": true
        }
      }
    },
    "@kmamal/util": {
      "version": "0.0.92",
      "resolved": "https://registry.npmjs.org/@kmamal/util/-/util-0.0.92.tgz",
      "integrity": "sha512-TGBHvDu1ZQmh2vFz9ZEqhf39CvAoFW9so60cIfNYq34prCVKXl5FkHdmK3rBpHDqHHb5o9KOa6DYvdoW1Yg25g==",
      "dev": true,
      "requires": {
        "@kmamal/testing": "^0.0.18"
      },
      "dependencies": {
        "@kmamal/testing": {
          "version": "0.0.18",
          "resolved": "https://registry.npmjs.org/@kmamal/testing/-/testing-0.0.18.tgz",
          "integrity": "sha512-LdyWPeL1WCDiyUJZZfisUsLALx/WN/XxW5tM1dpxmkW+n75djBY28oDwI2q41KpAH2NYdIcLYUmU0T6ePiu1zA==",
          "dev": true,
          "requires": {
            "@kmamal/util": "^0.0.43"
          }
        },
        "@kmamal/util": {
          "version": "0.0.43",
          "resolved": "https://registry.npmjs.org/@kmamal/util/-/util-0.0.43.tgz",
          "integrity": "sha512-3p1B8LyVo7NDZrVQqFdrvuAP/wEm+zc0IdRaV3+otE+ehwqZWXBkQs5QrQxjz5aXZb52gq9PfNCs/7daLU5GLA==",
          "dev": true
        }
      }
    }
  }
}
